
Microsoft Visual Studio Solution File, Format Version 12.00
# Visual Studio Version 16
VisualStudioVersion = 16.0.31205.134
MinimumVisualStudioVersion = 10.0.40219.1
Project("{FAE04EC0-301F-11D3-BF4B-00C04F79EFBC}") = "LT.Microservices.Day2", "LT.Microservices.Day2.csproj", "{04F1E0DC-0FD2-4AC0-B0E9-06FED5166EF0}"
EndProject
Global
	GlobalSection(SolutionConfigurationPlatforms) = preSolution
		Debug|Any CPU = Debug|Any CPU
		Release|Any CPU = Release|Any CPU
	EndGlobalSection
	GlobalSection(ProjectConfigurationPlatforms) = postSolution
		{04F1E0DC-0FD2-4AC0-B0E9-06FED5166EF0}.Debug|Any CPU.ActiveCfg = Debug|Any CPU
		{04F1E0DC-0FD2-4AC0-B0E9-06FED5166EF0}.Debug|Any CPU.Build.0 = Debug|Any CPU
		{04F1E0DC-0FD2-4AC0-B0E9-06FED5166EF0}.Release|Any CPU.ActiveCfg = Release|Any CPU
		{04F1E0DC-0FD2-4AC0-B0E9-06FED5166EF0}.Release|Any CPU.Build.0 = Release|Any CPU
	EndGlobalSection
	GlobalSection(SolutionProperties) = preSolution
		HideSolutionNode = FALSE
	EndGlobalSection
	GlobalSection(ExtensibilityGlobals) = postSolution
		SolutionGuid = {82098593-5328-41AE-B606-2DFA96948447}
	EndGlobalSection
EndGlobal
